// !$*UTF8*$!
{
	archiveVersion = 1;
	classes = {
	};
	objectVersion = 56;
	objects = {

/* Begin PBXBuildFile section */
		9573DCBB2C66247D00DC3839 /* AppDelegate.swift in Sources */ = {isa = PBXBuildFile; fileRef = 9573DCBA2C66247D00DC3839 /* AppDelegate.swift */; };
		9573DCBD2C66247D00DC3839 /* SceneDelegate.swift in Sources */ = {isa = PBXBuildFile; fileRef = 9573DCBC2C66247D00DC3839 /* SceneDelegate.swift */; };
		9573DCBF2C66247D00DC3839 /* ViewController.swift in Sources */ = {isa = PBXBuildFile; fileRef = 9573DCBE2C66247D00DC3839 /* ViewController.swift */; };
		9573DCC22C66247D00DC3839 /* Main.storyboard in Resources */ = {isa = PBXBuildFile; fileRef = 9573DCC02C66247D00DC3839 /* Main.storyboard */; };
		9573DCC42C66248100DC3839 /* Assets.xcassets in Resources */ = {isa = PBXBuildFile; fileRef = 9573DCC32C66248100DC3839 /* Assets.xcassets */; };
		9573DCC72C66248100DC3839 /* LaunchScreen.storyboard in Resources */ = {isa = PBXBuildFile; fileRef = 9573DCC52C66248100DC3839 /* LaunchScreen.storyboard */; };
		9573DCD22C66248100DC3839 /* CollectionViewTests.swift in Sources */ = {isa = PBXBuildFile; fileRef = 9573DCD12C66248100DC3839 /* CollectionViewTests.swift */; };
		9573DCDC2C66248100DC3839 /* CollectionViewUITests.swift in Sources */ = {isa = PBXBuildFile; fileRef = 9573DCDB2C66248100DC3839 /* CollectionViewUITests.swift */; };
		9573DCDE2C66248100DC3839 /* CollectionViewUITestsLaunchTests.swift in Sources */ = {isa = PBXBuildFile; fileRef = 9573DCDD2C66248100DC3839 /* CollectionViewUITestsLaunchTests.swift */; };
		9573DCEC2C6625F900DC3839 /* CollectionViewItemListCell.swift in Sources */ = {isa = PBXBuildFile; fileRef = 9573DCEB2C6625F900DC3839 /* CollectionViewItemListCell.swift */; };
		9573DCEE2C66299200DC3839 /* CollectionViewItemListCell.xib in Resources */ = {isa = PBXBuildFile; fileRef = 9573DCED2C66299200DC3839 /* CollectionViewItemListCell.xib */; };
		9573DCF22C66372900DC3839 /* AlertNotificationDialog.xib in Resources */ = {isa = PBXBuildFile; fileRef = 9573DCF02C66372900DC3839 /* AlertNotificationDialog.xib */; };
		9573DCF32C66372900DC3839 /* AlertNotificationDialog.swift in Sources */ = {isa = PBXBuildFile; fileRef = 9573DCF12C66372900DC3839 /* AlertNotificationDialog.swift */; };
/* End PBXBuildFile section */

/* Begin PBXContainerItemProxy section */
		9573DCCE2C66248100DC3839 /* PBXContainerItemProxy */ = {
			isa = PBXContainerItemProxy;
			containerPortal = 9573DCAF2C66247D00DC3839 /* Project object */;
			proxyType = 1;
			remoteGlobalIDString = 9573DCB62C66247D00DC3839;
			remoteInfo = CollectionView;
		};
		9573DCD82C66248100DC3839 /* PBXContainerItemProxy */ = {
			isa = PBXContainerItemProxy;
			containerPortal = 9573DCAF2C66247D00DC3839 /* Project object */;
			proxyType = 1;
			remoteGlobalIDString = 9573DCB62C66247D00DC3839;
			remoteInfo = CollectionView;
		};
/* End PBXContainerItemProxy section */

/* Begin PBXFileReference section */
		9573DCB72C66247D00DC3839 /* CollectionView.app */ = {isa = PBXFileReference; explicitFileType = wrapper.application; includeInIndex = 0; path = CollectionView.app; sourceTree = BUILT_PRODUCTS_DIR; };
		9573DCBA2C66247D00DC3839 /* AppDelegate.swift */ = {isa = PBXFileReference; lastKnownFileType = sourcecode.swift; path = AppDelegate.swift; sourceTree = "<group>"; };
		9573DCBC2C66247D00DC3839 /* SceneDelegate.swift */ = {isa = PBXFileReference; lastKnownFileType = sourcecode.swift; path = SceneDelegate.swift; sourceTree = "<group>"; };
		9573DCBE2C66247D00DC3839 /* ViewController.swift */ = {isa = PBXFileReference; lastKnownFileType = sourcecode.swift; path = ViewController.swift; sourceTree = "<group>"; };
		9573DCC12C66247D00DC3839 /* Base */ = {isa = PBXFileReference; lastKnownFileType = file.storyboard; name = Base; path = Base.lproj/Main.storyboard; sourceTree = "<group>"; };
		9573DCC32C66248100DC3839 /* Assets.xcassets */ = {isa = PBXFileReference; lastKnownFileType = folder.assetcatalog; path = Assets.xcassets; sourceTree = "<group>"; };
		9573DCC62C66248100DC3839 /* Base */ = {isa = PBXFileReference; lastKnownFileType = file.storyboard; name = Base; path = Base.lproj/LaunchScreen.storyboard; sourceTree = "<group>"; };
		9573DCC82C66248100DC3839 /* Info.plist */ = {isa = PBXFileReference; lastKnownFileType = text.plist.xml; path = Info.plist; sourceTree = "<group>"; };
		9573DCCD2C66248100DC3839 /* CollectionViewTests.xctest */ = {isa = PBXFileReference; explicitFileType = wrapper.cfbundle; includeInIndex = 0; path = CollectionViewTests.xctest; sourceTree = BUILT_PRODUCTS_DIR; };
		9573DCD12C66248100DC3839 /* CollectionViewTests.swift */ = {isa = PBXFileReference; lastKnownFileType = sourcecode.swift; path = CollectionViewTests.swift; sourceTree = "<group>"; };
		9573DCD72C66248100DC3839 /* CollectionViewUITests.xctest */ = {isa = PBXFileReference; explicitFileType = wrapper.cfbundle; includeInIndex = 0; path = CollectionViewUITests.xctest; sourceTree = BUILT_PRODUCTS_DIR; };
		9573DCDB2C66248100DC3839 /* CollectionViewUITests.swift */ = {isa = PBXFileReference; lastKnownFileType = sourcecode.swift; path = CollectionViewUITests.swift; sourceTree = "<group>"; };
		9573DCDD2C66248100DC3839 /* CollectionViewUITestsLaunchTests.swift */ = {isa = PBXFileReference; lastKnownFileType = sourcecode.swift; path = CollectionViewUITestsLaunchTests.swift; sourceTree = "<group>"; };
		9573DCEB2C6625F900DC3839 /* CollectionViewItemListCell.swift */ = {isa = PBXFileReference; lastKnownFileType = sourcecode.swift; path = CollectionViewItemListCell.swift; sourceTree = "<group>"; };
		9573DCED2C66299200DC3839 /* CollectionViewItemListCell.xib */ = {isa = PBXFileReference; lastKnownFileType = file.xib; path = CollectionViewItemListCell.xib; sourceTree = "<group>"; };
		9573DCF02C66372900DC3839 /* AlertNotificationDialog.xib */ = {isa = PBXFileReference; fileEncoding = 4; lastKnownFileType = file.xib; path = AlertNotificationDialog.xib; sourceTree = "<group>"; };
		9573DCF12C66372900DC3839 /* AlertNotificationDialog.swift */ = {isa = PBXFileReference; fileEncoding = 4; lastKnownFileType = sourcecode.swift; path = AlertNotificationDialog.swift; sourceTree = "<group>"; };
/* End PBXFileReference section */

/* Begin PBXFrameworksBuildPhase section */
		9573DCB42C66247D00DC3839 /* Frameworks */ = {
			isa = PBXFrameworksBuildPhase;
			buildActionMask = 2147483647;
			files = (
			);
			runOnlyForDeploymentPostprocessing = 0;
		};
		9573DCCA2C66248100DC3839 /* Frameworks */ = {
			isa = PBXFrameworksBuildPhase;
			buildActionMask = 2147483647;
			files = (
			);
			runOnlyForDeploymentPostprocessing = 0;
		};
		9573DCD42C66248100DC3839 /* Frameworks */ = {
			isa = PBXFrameworksBuildPhase;
			buildActionMask = 2147483647;
			files = (
			);
			runOnlyForDeploymentPostprocessing = 0;
		};
/* End PBXFrameworksBuildPhase section */

/* Begin PBXGroup section */
		9573DCAE2C66247D00DC3839 = {
			isa = PBXGroup;
			children = (
				9573DCB92C66247D00DC3839 /* CollectionView */,
				9573DCD02C66248100DC3839 /* CollectionViewTests */,
				9573DCDA2C66248100DC3839 /* CollectionViewUITests */,
				9573DCB82C66247D00DC3839 /* Products */,
			);
			sourceTree = "<group>";
		};
		9573DCB82C66247D00DC3839 /* Products */ = {
			isa = PBXGroup;
			children = (
				9573DCB72C66247D00DC3839 /* CollectionView.app */,
				9573DCCD2C66248100DC3839 /* CollectionViewTests.xctest */,
				9573DCD72C66248100DC3839 /* CollectionViewUITests.xctest */,
			);
			name = Products;
			sourceTree = "<group>";
		};
		9573DCB92C66247D00DC3839 /* CollectionView */ = {
			isa = PBXGroup;
			children = (
				9573DCBA2C66247D00DC3839 /* AppDelegate.swift */,
				9573DCBC2C66247D00DC3839 /* SceneDelegate.swift */,
				9573DCEF2C66372900DC3839 /* AlertNotificationDialog */,
				9573DCEA2C6625B600DC3839 /* ItemListCell */,
				9573DCBE2C66247D00DC3839 /* ViewController.swift */,
				9573DCC02C66247D00DC3839 /* Main.storyboard */,
				9573DCC32C66248100DC3839 /* Assets.xcassets */,
				9573DCC52C66248100DC3839 /* LaunchScreen.storyboard */,
				9573DCC82C66248100DC3839 /* Info.plist */,
			);
			path = CollectionView;
			sourceTree = "<group>";
		};
		9573DCD02C66248100DC3839 /* CollectionViewTests */ = {
			isa = PBXGroup;
			children = (
				9573DCD12C66248100DC3839 /* CollectionViewTests.swift */,
			);
			path = CollectionViewTests;
			sourceTree = "<group>";
		};
		9573DCDA2C66248100DC3839 /* CollectionViewUITests */ = {
			isa = PBXGroup;
			children = (
				9573DCDB2C66248100DC3839 /* CollectionViewUITests.swift */,
				9573DCDD2C66248100DC3839 /* CollectionViewUITestsLaunchTests.swift */,
			);
			path = CollectionViewUITests;
			sourceTree = "<group>";
		};
		9573DCEA2C6625B600DC3839 /* ItemListCell */ = {
			isa = PBXGroup;
			children = (
				9573DCEB2C6625F900DC3839 /* CollectionViewItemListCell.swift */,
				9573DCED2C66299200DC3839 /* CollectionViewItemListCell.xib */,
			);
			path = ItemListCell;
			sourceTree = "<group>";
		};
		9573DCEF2C66372900DC3839 /* AlertNotificationDialog */ = {
			isa = PBXGroup;
			children = (
				9573DCF12C66372900DC3839 /* AlertNotificationDialog.swift */,
				9573DCF02C66372900DC3839 /* AlertNotificationDialog.xib */,
			);
			path = AlertNotificationDialog;
			sourceTree = "<group>";
		};
/* End PBXGroup section */

/* Begin PBXNativeTarget section */
		9573DCB62C66247D00DC3839 /* CollectionView */ = {
			isa = PBXNativeTarget;
			buildConfigurationList = 9573DCE12C66248100DC3839 /* Build configuration list for PBXNativeTarget "CollectionView" */;
			buildPhases = (
				9573DCB32C66247D00DC3839 /* Sources */,
				9573DCB42C66247D00DC3839 /* Frameworks */,
				9573DCB52C66247D00DC3839 /* Resources */,
			);
			buildRules = (
			);
			dependencies = (
			);
			name = CollectionView;
			productName = CollectionView;
			productReference = 9573DCB72C66247D00DC3839 /* CollectionView.app */;
			productType = "com.apple.product-type.application";
		};
		9573DCCC2C66248100DC3839 /* CollectionViewTests */ = {
			isa = PBXNativeTarget;
			buildConfigurationList = 9573DCE42C66248100DC3839 /* Build configuration list for PBXNativeTarget "CollectionViewTests" */;
			buildPhases = (
				9573DCC92C66248100DC3839 /* Sources */,
				9573DCCA2C66248100DC3839 /* Frameworks */,
				9573DCCB2C66248100DC3839 /* Resources */,
			);
			buildRules = (
			);
			dependencies = (
				9573DCCF2C66248100DC3839 /* PBXTargetDependency */,
			);
			name = CollectionViewTests;
			productName = CollectionViewTests;
			productReference = 9573DCCD2C66248100DC3839 /* CollectionViewTests.xctest */;
			productType = "com.apple.product-type.bundle.unit-test";
		};
		9573DCD62C66248100DC3839 /* CollectionViewUITests */ = {
			isa = PBXNativeTarget;
			buildConfigurationList = 9573DCE72C66248100DC3839 /* Build configuration list for PBXNativeTarget "CollectionViewUITests" */;
			buildPhases = (
				9573DCD32C66248100DC3839 /* Sources */,
				9573DCD42C66248100DC3839 /* Frameworks */,
				9573DCD52C66248100DC3839 /* Resources */,
			);
			buildRules = (
			);
			dependencies = (
				9573DCD92C66248100DC3839 /* PBXTargetDependency */,
			);
			name = CollectionViewUITests;
			productName = CollectionViewUITests;
			productReference = 9573DCD72C66248100DC3839 /* CollectionViewUITests.xctest */;
			productType = "com.apple.product-type.bundle.ui-testing";
		};
/* End PBXNativeTarget section */

/* Begin PBXProject section */
		9573DCAF2C66247D00DC3839 /* Project object */ = {
			isa = PBXProject;
			attributes = {
				BuildIndependentTargetsInParallel = 1;
				LastSwiftUpdateCheck = 1520;
				LastUpgradeCheck = 1520;
				TargetAttributes = {
					9573DCB62C66247D00DC3839 = {
						CreatedOnToolsVersion = 15.2;
					};
					9573DCCC2C66248100DC3839 = {
						CreatedOnToolsVersion = 15.2;
						TestTargetID = 9573DCB62C66247D00DC3839;
					};
					9573DCD62C66248100DC3839 = {
						CreatedOnToolsVersion = 15.2;
						TestTargetID = 9573DCB62C66247D00DC3839;
					};
				};
			};
			buildConfigurationList = 9573DCB22C66247D00DC3839 /* Build configuration list for PBXProject "CollectionView" */;
			compatibilityVersion = "Xcode 14.0";
			developmentRegion = en;
			hasScannedForEncodings = 0;
			knownRegions = (
				en,
				Base,
			);
			mainGroup = 9573DCAE2C66247D00DC3839;
			productRefGroup = 9573DCB82C66247D00DC3839 /* Products */;
			projectDirPath = "";
			projectRoot = "";
			targets = (
				9573DCB62C66247D00DC3839 /* CollectionView */,
				9573DCCC2C66248100DC3839 /* CollectionViewTests */,
				9573DCD62C66248100DC3839 /* CollectionViewUITests */,
			);
		};
/* End PBXProject section */

/* Begin PBXResourcesBuildPhase section */
		9573DCB52C66247D00DC3839 /* Resources */ = {
			isa = PBXResourcesBuildPhase;
			buildActionMask = 2147483647;
			files = (
				9573DCC72C66248100DC3839 /* LaunchScreen.storyboard in Resources */,
				9573DCF22C66372900DC3839 /* AlertNotificationDialog.xib in Resources */,
				9573DCEE2C66299200DC3839 /* CollectionViewItemListCell.xib in Resources */,
				9573DCC42C66248100DC3839 /* Assets.xcassets in Resources */,
				9573DCC22C66247D00DC3839 /* Main.storyboard in Resources */,
			);
			runOnlyForDeploymentPostprocessing = 0;
		};
		9573DCCB2C66248100DC3839 /* Resources */ = {
			isa = PBXResourcesBuildPhase;
			buildActionMask = 2147483647;
			files = (
			);
			runOnlyForDeploymentPostprocessing = 0;
		};
		9573DCD52C66248100DC3839 /* Resources */ = {
			isa = PBXResourcesBuildPhase;
			buildActionMask = 2147483647;
			files = (
			);
			runOnlyForDeploymentPostprocessing = 0;
		};
/* End PBXResourcesBuildPhase section */

/* Begin PBXSourcesBuildPhase section */
		9573DCB32C66247D00DC3839 /* Sources */ = {
			isa = PBXSourcesBuildPhase;
			buildActionMask = 2147483647;
			files = (
				9573DCF32C66372900DC3839 /* AlertNotificationDialog.swift in Sources */,
				9573DCBF2C66247D00DC3839 /* ViewController.swift in Sources */,
				9573DCBB2C66247D00DC3839 /* AppDelegate.swift in Sources */,
				9573DCEC2C6625F900DC3839 /* CollectionViewItemListCell.swift in Sources */,
				9573DCBD2C66247D00DC3839 /* SceneDelegate.swift in Sources */,
			);
			runOnlyForDeploymentPostprocessing = 0;
		};
		9573DCC92C66248100DC3839 /* Sources */ = {
			isa = PBXSourcesBuildPhase;
			buildActionMask = 2147483647;
			files = (
				9573DCD22C66248100DC3839 /* CollectionViewTests.swift in Sources */,
			);
			runOnlyForDeploymentPostprocessing = 0;
		};
		9573DCD32C66248100DC3839 /* Sources */ = {
			isa = PBXSourcesBuildPhase;
			buildActionMask = 2147483647;
			files = (
				9573DCDC2C66248100DC3839 /* CollectionViewUITests.swift in Sources */,
				9573DCDE2C66248100DC3839 /* CollectionViewUITestsLaunchTests.swift in Sources */,
			);
			runOnlyForDeploymentPostprocessing = 0;
		};
/* End PBXSourcesBuildPhase section */

/* Begin PBXTargetDependency section */
		9573DCCF2C66248100DC3839 /* PBXTargetDependency */ = {
			isa = PBXTargetDependency;
			target = 9573DCB62C66247D00DC3839 /* CollectionView */;
			targetProxy = 9573DCCE2C66248100DC3839 /* PBXContainerItemProxy */;
		};
		9573DCD92C66248100DC3839 /* PBXTargetDependency */ = {
			isa = PBXTargetDependency;
			target = 9573DCB62C66247D00DC3839 /* CollectionView */;
			targetProxy = 9573DCD82C66248100DC3839 /* PBXContainerItemProxy */;
		};
/* End PBXTargetDependency section */

/* Begin PBXVariantGroup section */
		9573DCC02C66247D00DC3839 /* Main.storyboard */ = {
			isa = PBXVariantGroup;
			children = (
				9573DCC12C66247D00DC3839 /* Base */,
			);
			name = Main.storyboard;
			sourceTree = "<group>";
		};
		9573DCC52C66248100DC3839 /* LaunchScreen.storyboard */ = {
			isa = PBXVariantGroup;
			children = (
				9573DCC62C66248100DC3839 /* Base */,
			);
			name = LaunchScreen.storyboard;
			sourceTree = "<group>";
		};
/* End PBXVariantGroup section */

/* Begin XCBuildConfiguration section */
		9573DCDF2C66248100DC3839 /* Debug */ = {
			isa = XCBuildConfiguration;
			buildSettings = {
				ALWAYS_SEARCH_USER_PATHS = NO;
				ASSETCATALOG_COMPILER_GENERATE_SWIFT_ASSET_SYMBOL_EXTENSIONS = YES;
				CLANG_ANALYZER_NONNULL = YES;
				CLANG_ANALYZER_NUMBER_OBJECT_CONVERSION = YES_AGGRESSIVE;
				CLANG_CXX_LANGUAGE_STANDARD = "gnu++20";
				CLANG_ENABLE_MODULES = YES;
				CLANG_ENABLE_OBJC_ARC = YES;
				CLANG_ENABLE_OBJC_WEAK = YES;
				CLANG_WARN_BLOCK_CAPTURE_AUTORELEASING = YES;
				CLANG_WARN_BOOL_CONVERSION = YES;
				CLANG_WARN_COMMA = YES;
				CLANG_WARN_CONSTANT_CONVERSION = YES;
				CLANG_WARN_DEPRECATED_OBJC_IMPLEMENTATIONS = YES;
				CLANG_WARN_DIRECT_OBJC_ISA_USAGE = YES_ERROR;
				CLANG_WARN_DOCUMENTATION_COMMENTS = YES;
				CLANG_WARN_EMPTY_BODY = YES;
				CLANG_WARN_ENUM_CONVERSION = YES;
				CLANG_WARN_INFINITE_RECURSION = YES;
				CLANG_WARN_INT_CONVERSION = YES;
				CLANG_WARN_NON_LITERAL_NULL_CONVERSION = YES;
				CLANG_WARN_OBJC_IMPLICIT_RETAIN_SELF = YES;
				CLANG_WARN_OBJC_LITERAL_CONVERSION = YES;
				CLANG_WARN_OBJC_ROOT_CLASS = YES_ERROR;
				CLANG_WARN_QUOTED_INCLUDE_IN_FRAMEWORK_HEADER = YES;
				CLANG_WARN_RANGE_LOOP_ANALYSIS = YES;
				CLANG_WARN_STRICT_PROTOTYPES = YES;
				CLANG_WARN_SUSPICIOUS_MOVE = YES;
				CLANG_WARN_UNGUARDED_AVAILABILITY = YES_AGGRESSIVE;
				CLANG_WARN_UNREACHABLE_CODE = YES;
				CLANG_WARN__DUPLICATE_METHOD_MATCH = YES;
				COPY_PHASE_STRIP = NO;
				DEBUG_INFORMATION_FORMAT = dwarf;
				ENABLE_STRICT_OBJC_MSGSEND = YES;
				ENABLE_TESTABILITY = YES;
				ENABLE_USER_SCRIPT_SANDBOXING = YES;
				GCC_C_LANGUAGE_STANDARD = gnu17;
				GCC_DYNAMIC_NO_PIC = NO;
				GCC_NO_COMMON_BLOCKS = YES;
				GCC_OPTIMIZATION_LEVEL = 0;
				GCC_PREPROCESSOR_DEFINITIONS = (
					"DEBUG=1",
					"$(inherited)",
				);
				GCC_WARN_64_TO_32_BIT_CONVERSION = YES;
				GCC_WARN_ABOUT_RETURN_TYPE = YES_ERROR;
				GCC_WARN_UNDECLARED_SELECTOR = YES;
				GCC_WARN_UNINITIALIZED_AUTOS = YES_AGGRESSIVE;
				GCC_WARN_UNUSED_FUNCTION = YES;
				GCC_WARN_UNUSED_VARIABLE = YES;
				IPHONEOS_DEPLOYMENT_TARGET = 17.2;
				LOCALIZATION_PREFERS_STRING_CATALOGS = YES;
				MTL_ENABLE_DEBUG_INFO = INCLUDE_SOURCE;
				MTL_FAST_MATH = YES;
				ONLY_ACTIVE_ARCH = YES;
				SDKROOT = iphoneos;
				SWIFT_ACTIVE_COMPILATION_CONDITIONS = "DEBUG $(inherited)";
				SWIFT_OPTIMIZATION_LEVEL = "-Onone";
			};
			name = Debug;
		};
		9573DCE02C66248100DC3839 /* Release */ = {
			isa = XCBuildConfiguration;
			buildSettings = {
				ALWAYS_SEARCH_USER_PATHS = NO;
				ASSETCATALOG_COMPILER_GENERATE_SWIFT_ASSET_SYMBOL_EXTENSIONS = YES;
				CLANG_ANALYZER_NONNULL = YES;
				CLANG_ANALYZER_NUMBER_OBJECT_CONVERSION = YES_AGGRESSIVE;
				CLANG_CXX_LANGUAGE_STANDARD = "gnu++20";
				CLANG_ENABLE_MODULES = YES;
				CLANG_ENABLE_OBJC_ARC = YES;
				CLANG_ENABLE_OBJC_WEAK = YES;
				CLANG_WARN_BLOCK_CAPTURE_AUTORELEASING = YES;
				CLANG_WARN_BOOL_CONVERSION = YES;
				CLANG_WARN_COMMA = YES;
				CLANG_WARN_CONSTANT_CONVERSION = YES;
				CLANG_WARN_DEPRECATED_OBJC_IMPLEMENTATIONS = YES;
				CLANG_WARN_DIRECT_OBJC_ISA_USAGE = YES_ERROR;
				CLANG_WARN_DOCUMENTATION_COMMENTS = YES;
				CLANG_WARN_EMPTY_BODY = YES;
				CLANG_WARN_ENUM_CONVERSION = YES;
				CLANG_WARN_INFINITE_RECURSION = YES;
				CLANG_WARN_INT_CONVERSION = YES;
				CLANG_WARN_NON_LITERAL_NULL_CONVERSION = YES;
				CLANG_WARN_OBJC_IMPLICIT_RETAIN_SELF = YES;
				CLANG_WARN_OBJC_LITERAL_CONVERSION = YES;
				CLANG_WARN_OBJC_ROOT_CLASS = YES_ERROR;
				CLANG_WARN_QUOTED_INCLUDE_IN_FRAMEWORK_HEADER = YES;
				CLANG_WARN_RANGE_LOOP_ANALYSIS = YES;
				CLANG_WARN_STRICT_PROTOTYPES = YES;
				CLANG_WARN_SUSPICIOUS_MOVE = YES;
				CLANG_WARN_UNGUARDED_AVAILABILITY = YES_AGGRESSIVE;
				CLANG_WARN_UNREACHABLE_CODE = YES;
				CLANG_WARN__DUPLICATE_METHOD_MATCH = YES;
				COPY_PHASE_STRIP = NO;
				DEBUG_INFORMATION_FORMAT = "dwarf-with-dsym";
				ENABLE_NS_ASSERTIONS = NO;
				ENABLE_STRICT_OBJC_MSGSEND = YES;
				ENABLE_USER_SCRIPT_SANDBOXING = YES;
				GCC_C_LANGUAGE_STANDARD = gnu17;
				GCC_NO_COMMON_BLOCKS = YES;
				GCC_WARN_64_TO_32_BIT_CONVERSION = YES;
				GCC_WARN_ABOUT_RETURN_TYPE = YES_ERROR;
				GCC_WARN_UNDECLARED_SELECTOR = YES;
				GCC_WARN_UNINITIALIZED_AUTOS = YES_AGGRESSIVE;
				GCC_WARN_UNUSED_FUNCTION = YES;
				GCC_WARN_UNUSED_VARIABLE = YES;
				IPHONEOS_DEPLOYMENT_TARGET = 17.2;
				LOCALIZATION_PREFERS_STRING_CATALOGS = YES;
				MTL_ENABLE_DEBUG_INFO = NO;
				MTL_FAST_MATH = YES;
				SDKROOT = iphoneos;
				SWIFT_COMPILATION_MODE = wholemodule;
				VALIDATE_PRODUCT = YES;
			};
			name = Release;
		};
		9573DCE22C66248100DC3839 /* Debug */ = {
			isa = XCBuildConfiguration;
			buildSettings = {
				ASSETCATALOG_COMPILER_APPICON_NAME = AppIcon;
				ASSETCATALOG_COMPILER_GLOBAL_ACCENT_COLOR_NAME = AccentColor;
				CODE_SIGN_STYLE = Automatic;
				CURRENT_PROJECT_VERSION = 1;
				GENERATE_INFOPLIST_FILE = YES;
				INFOPLIST_FILE = CollectionView/Info.plist;
				INFOPLIST_KEY_UIApplicationSupportsIndirectInputEvents = YES;
				INFOPLIST_KEY_UILaunchStoryboardName = LaunchScreen;
				INFOPLIST_KEY_UIMainStoryboardFile = Main;
				INFOPLIST_KEY_UISupportedInterfaceOrientations_iPad = "UIInterfaceOrientationPortrait UIInterfaceOrientationPortraitUpsideDown UIInterfaceOrientationLandscapeLeft UIInterfaceOrientationLandscapeRight";
				INFOPLIST_KEY_UISupportedInterfaceOrientations_iPhone = "UIInterfaceOrientationPortrait UIInterfaceOrientationLandscapeLeft UIInterfaceOrientationLandscapeRight";
				LD_RUNPATH_SEARCH_PATHS = (
					"$(inherited)",
					"@executable_path/Frameworks",
				);
				MARKETING_VERSION = 1.0;
				PRODUCT_BUNDLE_IDENTIFIER = KLM.CollectionView;
				PRODUCT_NAME = "$(TARGET_NAME)";
				SWIFT_EMIT_LOC_STRINGS = YES;
				SWIFT_VERSION = 5.0;
				TARGETED_DEVICE_FAMILY = "1,2";
			};
			name = Debug;
		};
		9573DCE32C66248100DC3839 /* Release */ = {
			isa = XCBuildConfiguration;
			buildSettings = {
				ASSETCATALOG_COMPILER_APPICON_NAME = AppIcon;
				ASSETCATALOG_COMPILER_GLOBAL_ACCENT_COLOR_NAME = AccentColor;
				CODE_SIGN_STYLE = Automatic;
				CURRENT_PROJECT_VERSION = 1;
				GENERATE_INFOPLIST_FILE = YES;
				INFOPLIST_FILE = CollectionView/Info.plist;
				INFOPLIST_KEY_UIApplicationSupportsIndirectInputEvents = YES;
				INFOPLIST_KEY_UILaunchStoryboardName = LaunchScreen;
				INFOPLIST_KEY_UIMainStoryboardFile = Main;
				INFOPLIST_KEY_UISupportedInterfaceOrientations_iPad = "UIInterfaceOrientationPortrait UIInterfaceOrientationPortraitUpsideDown UIInterfaceOrientationLandscapeLeft UIInterfaceOrientationLandscapeRight";
				INFOPLIST_KEY_UISupportedInterfaceOrientations_iPhone = "UIInterfaceOrientationPortrait UIInterfaceOrientationLandscapeLeft UIInterfaceOrientationLandscapeRight";
				LD_RUNPATH_SEARCH_PATHS = (
					"$(inherited)",
					"@executable_path/Frameworks",
				);
				MARKETING_VERSION = 1.0;
				PRODUCT_BUNDLE_IDENTIFIER = KLM.CollectionView;
				PRODUCT_NAME = "$(TARGET_NAME)";
				SWIFT_EMIT_LOC_STRINGS = YES;
				SWIFT_VERSION = 5.0;
				TARGETED_DEVICE_FAMILY = "1,2";
			};
			name = Release;
		};
		9573DCE52C66248100DC3839 /* Debug */ = {
			isa = XCBuildConfiguration;
			buildSettings = {
				ALWAYS_EMBED_SWIFT_STANDARD_LIBRARIES = YES;
				BUNDLE_LOADER = "$(TEST_HOST)";
				CODE_SIGN_STYLE = Automatic;
				CURRENT_PROJECT_VERSION = 1;
				GENERATE_INFOPLIST_FILE = YES;
				IPHONEOS_DEPLOYMENT_TARGET = 17.2;
				MARKETING_VERSION = 1.0;
				PRODUCT_BUNDLE_IDENTIFIER = KLM.CollectionViewTests;
				PRODUCT_NAME = "$(TARGET_NAME)";
				SWIFT_EMIT_LOC_STRINGS = NO;
				SWIFT_VERSION = 5.0;
				TARGETED_DEVICE_FAMILY = "1,2";
				TEST_HOST = "$(BUILT_PRODUCTS_DIR)/CollectionView.app/$(BUNDLE_EXECUTABLE_FOLDER_PATH)/CollectionView";
			};
			name = Debug;
		};
		9573DCE62C66248100DC3839 /* Release */ = {
			isa = XCBuildConfiguration;
			buildSettings = {
				ALWAYS_EMBED_SWIFT_STANDARD_LIBRARIES = YES;
				BUNDLE_LOADER = "$(TEST_HOST)";
				CODE_SIGN_STYLE = Automatic;
				CURRENT_PROJECT_VERSION = 1;
				GENERATE_INFOPLIST_FILE = YES;
				IPHONEOS_DEPLOYMENT_TARGET = 17.2;
				MARKETING_VERSION = 1.0;
				PRODUCT_BUNDLE_IDENTIFIER = KLM.CollectionViewTests;
				PRODUCT_NAME = "$(TARGET_NAME)";
				SWIFT_EMIT_LOC_STRINGS = NO;
				SWIFT_VERSION = 5.0;
				TARGETED_DEVICE_FAMILY = "1,2";
				TEST_HOST = "$(BUILT_PRODUCTS_DIR)/CollectionView.app/$(BUNDLE_EXECUTABLE_FOLDER_PATH)/CollectionView";
			};
			name = Release;
		};
		9573DCE82C66248100DC3839 /* Debug */ = {
			isa = XCBuildConfiguration;
			buildSettings = {
				ALWAYS_EMBED_SWIFT_STANDARD_LIBRARIES = YES;
				CODE_SIGN_STYLE = Automatic;
				CURRENT_PROJECT_VERSION = 1;
				GENERATE_INFOPLIST_FILE = YES;
				MARKETING_VERSION = 1.0;
				PRODUCT_BUNDLE_IDENTIFIER = KLM.CollectionViewUITests;
				PRODUCT_NAME = "$(TARGET_NAME)";
				SWIFT_EMIT_LOC_STRINGS = NO;
				SWIFT_VERSION = 5.0;
				TARGETED_DEVICE_FAMILY = "1,2";
				TEST_TARGET_NAME = CollectionView;
			};
			name = Debug;
		};
		9573DCE92C66248100DC3839 /* Release */ = {
			isa = XCBuildConfiguration;
			buildSettings = {
				ALWAYS_EMBED_SWIFT_STANDARD_LIBRARIES = YES;
				CODE_SIGN_STYLE = Automatic;
				CURRENT_PROJECT_VERSION = 1;
				GENERATE_INFOPLIST_FILE = YES;
				MARKETING_VERSION = 1.0;
				PRODUCT_BUNDLE_IDENTIFIER = KLM.CollectionViewUITests;
				PRODUCT_NAME = "$(TARGET_NAME)";
				SWIFT_EMIT_LOC_STRINGS = NO;
				SWIFT_VERSION = 5.0;
				TARGETED_DEVICE_FAMILY = "1,2";
				TEST_TARGET_NAME = CollectionView;
			};
			name = Release;
		};
/* End XCBuildConfiguration section */

/* Begin XCConfigurationList section */
		9573DCB22C66247D00DC3839 /* Build configuration list for PBXProject "CollectionView" */ = {
			isa = XCConfigurationList;
			buildConfigurations = (
				9573DCDF2C66248100DC3839 /* Debug */,
				9573DCE02C66248100DC3839 /* Release */,
			);
			defaultConfigurationIsVisible = 0;
			defaultConfigurationName = Release;
		};
		9573DCE12C66248100DC3839 /* Build configuration list for PBXNativeTarget "CollectionView" */ = {
			isa = XCConfigurationList;
			buildConfigurations = (
				9573DCE22C66248100DC3839 /* Debug */,
				9573DCE32C66248100DC3839 /* Release */,
			);
			defaultConfigurationIsVisible = 0;
			defaultConfigurationName = Release;
		};
		9573DCE42C66248100DC3839 /* Build configuration list for PBXNativeTarget "CollectionViewTests" */ = {
			isa = XCConfigurationList;
			buildConfigurations = (
				9573DCE52C66248100DC3839 /* Debug */,
				9573DCE62C66248100DC3839 /* Release */,
			);
			defaultConfigurationIsVisible = 0;
			defaultConfigurationName = Release;
		};
		9573DCE72C66248100DC3839 /* Build configuration list for PBXNativeTarget "CollectionViewUITests" */ = {
			isa = XCConfigurationList;
			buildConfigurations = (
				9573DCE82C66248100DC3839 /* Debug */,
				9573DCE92C66248100DC3839 /* Release */,
			);
			defaultConfigurationIsVisible = 0;
			defaultConfigurationName = Release;
		};
/* End XCConfigurationList section */
	};
	rootObject = 9573DCAF2C66247D00DC3839 /* Project object */;
}
